// !$*UTF8*$!
{
	archiveVersion = 1;
	classes = {
	};
	objectVersion = 46;
	objects = {

/* Begin PBXBuildFile section */
		F625A54A1DF44F2B0005AFD3 /* HubTests.swift in Sources */ = {isa = PBXBuildFile; fileRef = F625A5491DF44F2B0005AFD3 /* HubTests.swift */; };
		F625A54B1DF44F2B0005AFD3 /* HubTests.swift in Sources */ = {isa = PBXBuildFile; fileRef = F625A5491DF44F2B0005AFD3 /* HubTests.swift */; };
		F625A54D1DF4624E0005AFD3 /* ArchiveProxy.swift in Sources */ = {isa = PBXBuildFile; fileRef = F625A54C1DF4624E0005AFD3 /* ArchiveProxy.swift */; };
		F625A54E1DF4624E0005AFD3 /* ArchiveProxy.swift in Sources */ = {isa = PBXBuildFile; fileRef = F625A54C1DF4624E0005AFD3 /* ArchiveProxy.swift */; };
		F664252C1DF6371C001F8F6E /* MessageFilter.swift in Sources */ = {isa = PBXBuildFile; fileRef = F664252B1DF6371C001F8F6E /* MessageFilter.swift */; };
		F664252D1DF6371C001F8F6E /* MessageFilter.swift in Sources */ = {isa = PBXBuildFile; fileRef = F664252B1DF6371C001F8F6E /* MessageFilter.swift */; };
		F664252F1DF638DF001F8F6E /* MessageCarbonsFilter.swift in Sources */ = {isa = PBXBuildFile; fileRef = F664252E1DF638DF001F8F6E /* MessageCarbonsFilter.swift */; };
		F66425301DF638DF001F8F6E /* MessageCarbonsFilter.swift in Sources */ = {isa = PBXBuildFile; fileRef = F664252E1DF638DF001F8F6E /* MessageCarbonsFilter.swift */; };
		F66425321DF63A12001F8F6E /* MessageCarbonsFilterTests.swift in Sources */ = {isa = PBXBuildFile; fileRef = F66425311DF63A12001F8F6E /* MessageCarbonsFilterTests.swift */; };
		F66425331DF63A12001F8F6E /* MessageCarbonsFilterTests.swift in Sources */ = {isa = PBXBuildFile; fileRef = F66425311DF63A12001F8F6E /* MessageCarbonsFilterTests.swift */; };
		F66425351DF63AFF001F8F6E /* xep_0280_received.xml in Resources */ = {isa = PBXBuildFile; fileRef = F66425341DF63AFF001F8F6E /* xep_0280_received.xml */; };
		F66425361DF63AFF001F8F6E /* xep_0280_received.xml in Resources */ = {isa = PBXBuildFile; fileRef = F66425341DF63AFF001F8F6E /* xep_0280_received.xml */; };
		F66425381DF645BC001F8F6E /* xep_0280_sent.xml in Resources */ = {isa = PBXBuildFile; fileRef = F66425371DF645BC001F8F6E /* xep_0280_sent.xml */; };
		F66425391DF645BC001F8F6E /* xep_0280_sent.xml in Resources */ = {isa = PBXBuildFile; fileRef = F66425371DF645BC001F8F6E /* xep_0280_sent.xml */; };
		F664253B1DF6A429001F8F6E /* InboundMesageHandler.swift in Sources */ = {isa = PBXBuildFile; fileRef = F664253A1DF6A429001F8F6E /* InboundMesageHandler.swift */; };
		F664253C1DF6A429001F8F6E /* InboundMesageHandler.swift in Sources */ = {isa = PBXBuildFile; fileRef = F664253A1DF6A429001F8F6E /* InboundMesageHandler.swift */; };
		F664253E1DF6A93B001F8F6E /* OutboundMessageHandler.swift in Sources */ = {isa = PBXBuildFile; fileRef = F664253D1DF6A93B001F8F6E /* OutboundMessageHandler.swift */; };
		F664253F1DF6A93B001F8F6E /* OutboundMessageHandler.swift in Sources */ = {isa = PBXBuildFile; fileRef = F664253D1DF6A93B001F8F6E /* OutboundMessageHandler.swift */; };
		F66425421DF94E15001F8F6E /* MessageCarbonsDispatchHandler.swift in Sources */ = {isa = PBXBuildFile; fileRef = F66425411DF94E15001F8F6E /* MessageCarbonsDispatchHandler.swift */; };
		F66425431DF94E15001F8F6E /* MessageCarbonsDispatchHandler.swift in Sources */ = {isa = PBXBuildFile; fileRef = F66425411DF94E15001F8F6E /* MessageCarbonsDispatchHandler.swift */; };
		F673D1DD1DE1BB55009B3C99 /* XMPPMessageHub.framework in Frameworks */ = {isa = PBXBuildFile; fileRef = F673D1D31DE1BB55009B3C99 /* XMPPMessageHub.framework */; };
		F673D1E41DE1BB55009B3C99 /* XMPPMessageHub.h in Headers */ = {isa = PBXBuildFile; fileRef = F673D1D61DE1BB55009B3C99 /* XMPPMessageHub.h */; settings = {ATTRIBUTES = (Public, ); }; };
		F673D1FB1DE1C02D009B3C99 /* XMPPMessageHub.framework in Frameworks */ = {isa = PBXBuildFile; fileRef = F673D1F21DE1C02C009B3C99 /* XMPPMessageHub.framework */; };
		F673D2111DE1C107009B3C99 /* PureXML.framework in Frameworks */ = {isa = PBXBuildFile; fileRef = F673D20C1DE1C107009B3C99 /* PureXML.framework */; };
		F673D2171DE1C130009B3C99 /* PureXML.framework in Frameworks */ = {isa = PBXBuildFile; fileRef = F673D20C1DE1C107009B3C99 /* PureXML.framework */; };
		F673D21C1DE1C245009B3C99 /* FileArchive.swift in Sources */ = {isa = PBXBuildFile; fileRef = F673D21B1DE1C245009B3C99 /* FileArchive.swift */; };
		F673D21D1DE1C245009B3C99 /* FileArchive.swift in Sources */ = {isa = PBXBuildFile; fileRef = F673D21B1DE1C245009B3C99 /* FileArchive.swift */; };
		F673D2251DE1C2AA009B3C99 /* PureXML.framework in Frameworks */ = {isa = PBXBuildFile; fileRef = F673D2201DE1C2AA009B3C99 /* PureXML.framework */; };
		F673D22B1DE1C2C4009B3C99 /* PureXML.framework in Frameworks */ = {isa = PBXBuildFile; fileRef = F673D2201DE1C2AA009B3C99 /* PureXML.framework */; };
		F673D2361DE1C30B009B3C99 /* PureXML.framework in CopyFiles */ = {isa = PBXBuildFile; fileRef = F673D2201DE1C2AA009B3C99 /* PureXML.framework */; settings = {ATTRIBUTES = (CodeSignOnCopy, RemoveHeadersOnCopy, ); }; };
		F673D23B1DE1C352009B3C99 /* ArchiveTests.swift in Sources */ = {isa = PBXBuildFile; fileRef = F673D23A1DE1C352009B3C99 /* ArchiveTests.swift */; };
		F673D23C1DE1C352009B3C99 /* ArchiveTests.swift in Sources */ = {isa = PBXBuildFile; fileRef = F673D23A1DE1C352009B3C99 /* ArchiveTests.swift */; };
		F688F46F1DF304E400B4D3B4 /* Archive.swift in Sources */ = {isa = PBXBuildFile; fileRef = F688F46E1DF304E400B4D3B4 /* Archive.swift */; };
		F688F4701DF304E400B4D3B4 /* Archive.swift in Sources */ = {isa = PBXBuildFile; fileRef = F688F46E1DF304E400B4D3B4 /* Archive.swift */; };
		F69A25771DF43470007D5C35 /* Hub.swift in Sources */ = {isa = PBXBuildFile; fileRef = F69A25761DF43470007D5C35 /* Hub.swift */; };
		F69A25781DF43470007D5C35 /* Hub.swift in Sources */ = {isa = PBXBuildFile; fileRef = F69A25761DF43470007D5C35 /* Hub.swift */; };
		F69A257A1DF436AD007D5C35 /* ArchiveManager.swift in Sources */ = {isa = PBXBuildFile; fileRef = F69A25791DF436AD007D5C35 /* ArchiveManager.swift */; };
		F69A257B1DF436AD007D5C35 /* ArchiveManager.swift in Sources */ = {isa = PBXBuildFile; fileRef = F69A25791DF436AD007D5C35 /* ArchiveManager.swift */; };
		F69A257D1DF440F2007D5C35 /* FileArchvieManager.swift in Sources */ = {isa = PBXBuildFile; fileRef = F69A257C1DF440F2007D5C35 /* FileArchvieManager.swift */; };
		F69A257E1DF440F2007D5C35 /* FileArchvieManager.swift in Sources */ = {isa = PBXBuildFile; fileRef = F69A257C1DF440F2007D5C35 /* FileArchvieManager.swift */; };
		F69A25801DF441A9007D5C35 /* FileArchvieManagerTests.swift in Sources */ = {isa = PBXBuildFile; fileRef = F69A257F1DF441A9007D5C35 /* FileArchvieManagerTests.swift */; };
		F69A25811DF441A9007D5C35 /* FileArchvieManagerTests.swift in Sources */ = {isa = PBXBuildFile; fileRef = F69A257F1DF441A9007D5C35 /* FileArchvieManagerTests.swift */; };
		F6FAE8671DFCB8A40039EE7A /* XMPPFoundation.framework in Frameworks */ = {isa = PBXBuildFile; fileRef = F6FAE8661DFCB8A40039EE7A /* XMPPFoundation.framework */; };
		F6FAE8681DFCB8AB0039EE7A /* XMPPFoundation.framework in Frameworks */ = {isa = PBXBuildFile; fileRef = F6FAE8661DFCB8A40039EE7A /* XMPPFoundation.framework */; };
		F6FAE86A1DFCB8BC0039EE7A /* XMPPFoundation.framework in Frameworks */ = {isa = PBXBuildFile; fileRef = F6FAE8691DFCB8BC0039EE7A /* XMPPFoundation.framework */; };
		F6FAE86B1DFCB8C50039EE7A /* XMPPFoundation.framework in Frameworks */ = {isa = PBXBuildFile; fileRef = F6FAE8691DFCB8BC0039EE7A /* XMPPFoundation.framework */; };
		F6FAE86C1DFCB8C70039EE7A /* XMPPFoundation.framework in CopyFiles */ = {isa = PBXBuildFile; fileRef = F6FAE8691DFCB8BC0039EE7A /* XMPPFoundation.framework */; settings = {ATTRIBUTES = (CodeSignOnCopy, RemoveHeadersOnCopy, ); }; };
		F6FAE8701DFDF0890039EE7A /* MessageCarbonsDispatchHandlerTests.swift in Sources */ = {isa = PBXBuildFile; fileRef = F6FAE86F1DFDF0890039EE7A /* MessageCarbonsDispatchHandlerTests.swift */; };
		F6FAE8711DFDF0890039EE7A /* MessageCarbonsDispatchHandlerTests.swift in Sources */ = {isa = PBXBuildFile; fileRef = F6FAE86F1DFDF0890039EE7A /* MessageCarbonsDispatchHandlerTests.swift */; };
		F6FCE96C1DE1C87F0088A662 /* TestCase.swift in Sources */ = {isa = PBXBuildFile; fileRef = F6FCE96B1DE1C87F0088A662 /* TestCase.swift */; };
		F6FCE96D1DE1C87F0088A662 /* TestCase.swift in Sources */ = {isa = PBXBuildFile; fileRef = F6FCE96B1DE1C87F0088A662 /* TestCase.swift */; };
		F6FCE9721DE3B1AA0088A662 /* FileArchiveSetup.swift in Sources */ = {isa = PBXBuildFile; fileRef = F6FCE9711DE3B1AA0088A662 /* FileArchiveSetup.swift */; };
		F6FCE9731DE3B1AA0088A662 /* FileArchiveSetup.swift in Sources */ = {isa = PBXBuildFile; fileRef = F6FCE9711DE3B1AA0088A662 /* FileArchiveSetup.swift */; };
		F6FCE9751DE3B1F20088A662 /* ArchiveSetupTests.swift in Sources */ = {isa = PBXBuildFile; fileRef = F6FCE9741DE3B1F20088A662 /* ArchiveSetupTests.swift */; };
		F6FCE9761DE3B1F20088A662 /* ArchiveSetupTests.swift in Sources */ = {isa = PBXBuildFile; fileRef = F6FCE9741DE3B1F20088A662 /* ArchiveSetupTests.swift */; };
		F6FCE9781DE3C4810088A662 /* Message.swift in Sources */ = {isa = PBXBuildFile; fileRef = F6FCE9771DE3C4810088A662 /* Message.swift */; };
		F6FCE9791DE3C4810088A662 /* Message.swift in Sources */ = {isa = PBXBuildFile; fileRef = F6FCE9771DE3C4810088A662 /* Message.swift */; };
		F6FCE9831DEB6AEE0088A662 /* FileArchiveDocumentStore.swift in Sources */ = {isa = PBXBuildFile; fileRef = F6FCE9821DEB6AEE0088A662 /* FileArchiveDocumentStore.swift */; };
		F6FCE9841DEB6AEE0088A662 /* FileArchiveDocumentStore.swift in Sources */ = {isa = PBXBuildFile; fileRef = F6FCE9821DEB6AEE0088A662 /* FileArchiveDocumentStore.swift */; };
		F6FCE9861DEB6BA60088A662 /* ArchiveDocumentStoreTests.swift in Sources */ = {isa = PBXBuildFile; fileRef = F6FCE9851DEB6BA60088A662 /* ArchiveDocumentStoreTests.swift */; };
		F6FCE9871DEB6BA60088A662 /* ArchiveDocumentStoreTests.swift in Sources */ = {isa = PBXBuildFile; fileRef = F6FCE9851DEB6BA60088A662 /* ArchiveDocumentStoreTests.swift */; };
		F6FCE9891DEB74080088A662 /* SQLite.framework in Frameworks */ = {isa = PBXBuildFile; fileRef = F6FCE9881DEB74080088A662 /* SQLite.framework */; };
		F6FCE98A1DEB74110088A662 /* SQLite.framework in Frameworks */ = {isa = PBXBuildFile; fileRef = F6FCE9881DEB74080088A662 /* SQLite.framework */; };
		F6FCE98C1DEB742C0088A662 /* SQLite.framework in Frameworks */ = {isa = PBXBuildFile; fileRef = F6FCE98B1DEB742C0088A662 /* SQLite.framework */; };
		F6FCE98D1DEB74340088A662 /* SQLite.framework in Frameworks */ = {isa = PBXBuildFile; fileRef = F6FCE98B1DEB742C0088A662 /* SQLite.framework */; };
		F6FCE98E1DEB74380088A662 /* SQLite.framework in CopyFiles */ = {isa = PBXBuildFile; fileRef = F6FCE98B1DEB742C0088A662 /* SQLite.framework */; settings = {ATTRIBUTES = (CodeSignOnCopy, RemoveHeadersOnCopy, ); }; };
		F6FCE9901DF0D68F0088A662 /* SQLite.swift in Sources */ = {isa = PBXBuildFile; fileRef = F6FCE98F1DF0D68F0088A662 /* SQLite.swift */; };
		F6FCE9911DF0D68F0088A662 /* SQLite.swift in Sources */ = {isa = PBXBuildFile; fileRef = F6FCE98F1DF0D68F0088A662 /* SQLite.swift */; };
/* End PBXBuildFile section */

/* Begin PBXContainerItemProxy section */
		F673D1DE1DE1BB55009B3C99 /* PBXContainerItemProxy */ = {
			isa = PBXContainerItemProxy;
			containerPortal = F673D1CA1DE1BB55009B3C99 /* Project object */;
			proxyType = 1;
			remoteGlobalIDString = F673D1D21DE1BB55009B3C99;
			remoteInfo = XMPPMessageHub;
		};
		F673D1FC1DE1C02D009B3C99 /* PBXContainerItemProxy */ = {
			isa = PBXContainerItemProxy;
			containerPortal = F673D1CA1DE1BB55009B3C99 /* Project object */;
			proxyType = 1;
			remoteGlobalIDString = F673D1F11DE1C02C009B3C99;
			remoteInfo = XMPPMessageHub;
		};
/* End PBXContainerItemProxy section */

/* Begin PBXCopyFilesBuildPhase section */
		F673D2331DE1C304009B3C99 /* CopyFiles */ = {
			isa = PBXCopyFilesBuildPhase;
			buildActionMask = 2147483647;
			dstPath = "";
			dstSubfolderSpec = 10;
			files = (
				F673D2361DE1C30B009B3C99 /* PureXML.framework in CopyFiles */,
				F6FCE98E1DEB74380088A662 /* SQLite.framework in CopyFiles */,
				F6FAE86C1DFCB8C70039EE7A /* XMPPFoundation.framework in CopyFiles */,
			);
			runOnlyForDeploymentPostprocessing = 0;
		};
/* End PBXCopyFilesBuildPhase section */

/* Begin PBXFileReference section */
		F625A5491DF44F2B0005AFD3 /* HubTests.swift */ = {isa = PBXFileReference; fileEncoding = 4; lastKnownFileType = sourcecode.swift; path = HubTests.swift; sourceTree = "<group>"; };
		F625A54C1DF4624E0005AFD3 /* ArchiveProxy.swift */ = {isa = PBXFileReference; fileEncoding = 4; lastKnownFileType = sourcecode.swift; path = ArchiveProxy.swift; sourceTree = "<group>"; };
		F664252B1DF6371C001F8F6E /* MessageFilter.swift */ = {isa = PBXFileReference; fileEncoding = 4; lastKnownFileType = sourcecode.swift; path = MessageFilter.swift; sourceTree = "<group>"; };
		F664252E1DF638DF001F8F6E /* MessageCarbonsFilter.swift */ = {isa = PBXFileReference; fileEncoding = 4; lastKnownFileType = sourcecode.swift; path = MessageCarbonsFilter.swift; sourceTree = "<group>"; };
		F66425311DF63A12001F8F6E /* MessageCarbonsFilterTests.swift */ = {isa = PBXFileReference; fileEncoding = 4; lastKnownFileType = sourcecode.swift; path = MessageCarbonsFilterTests.swift; sourceTree = "<group>"; };
		F66425341DF63AFF001F8F6E /* xep_0280_received.xml */ = {isa = PBXFileReference; fileEncoding = 4; lastKnownFileType = text.xml; path = xep_0280_received.xml; sourceTree = "<group>"; };
		F66425371DF645BC001F8F6E /* xep_0280_sent.xml */ = {isa = PBXFileReference; fileEncoding = 4; lastKnownFileType = text.xml; path = xep_0280_sent.xml; sourceTree = "<group>"; };
		F664253A1DF6A429001F8F6E /* InboundMesageHandler.swift */ = {isa = PBXFileReference; fileEncoding = 4; lastKnownFileType = sourcecode.swift; path = InboundMesageHandler.swift; sourceTree = "<group>"; };
		F664253D1DF6A93B001F8F6E /* OutboundMessageHandler.swift */ = {isa = PBXFileReference; fileEncoding = 4; lastKnownFileType = sourcecode.swift; path = OutboundMessageHandler.swift; sourceTree = "<group>"; };
		F66425411DF94E15001F8F6E /* MessageCarbonsDispatchHandler.swift */ = {isa = PBXFileReference; fileEncoding = 4; lastKnownFileType = sourcecode.swift; path = MessageCarbonsDispatchHandler.swift; sourceTree = "<group>"; };
		F673D1D31DE1BB55009B3C99 /* XMPPMessageHub.framework */ = {isa = PBXFileReference; explicitFileType = wrapper.framework; includeInIndex = 0; path = XMPPMessageHub.framework; sourceTree = BUILT_PRODUCTS_DIR; };
		F673D1D61DE1BB55009B3C99 /* XMPPMessageHub.h */ = {isa = PBXFileReference; lastKnownFileType = sourcecode.c.h; path = XMPPMessageHub.h; sourceTree = "<group>"; };
		F673D1D71DE1BB55009B3C99 /* Info.plist */ = {isa = PBXFileReference; lastKnownFileType = text.plist.xml; path = Info.plist; sourceTree = "<group>"; };
		F673D1DC1DE1BB55009B3C99 /* XMPPMessageHubTests.xctest */ = {isa = PBXFileReference; explicitFileType = wrapper.cfbundle; includeInIndex = 0; path = XMPPMessageHubTests.xctest; sourceTree = BUILT_PRODUCTS_DIR; };
		F673D1F21DE1C02C009B3C99 /* XMPPMessageHub.framework */ = {isa = PBXFileReference; explicitFileType = wrapper.framework; includeInIndex = 0; path = XMPPMessageHub.framework; sourceTree = BUILT_PRODUCTS_DIR; };
		F673D1FA1DE1C02D009B3C99 /* XMPPMessageHubTests.xctest */ = {isa = PBXFileReference; explicitFileType = wrapper.cfbundle; includeInIndex = 0; path = XMPPMessageHubTests.xctest; sourceTree = BUILT_PRODUCTS_DIR; };
		F673D2011DE1C02D009B3C99 /* Info.plist */ = {isa = PBXFileReference; lastKnownFileType = text.plist.xml; path = Info.plist; sourceTree = "<group>"; };
		F673D20C1DE1C107009B3C99 /* PureXML.framework */ = {isa = PBXFileReference; lastKnownFileType = wrapper.framework; name = PureXML.framework; path = ../Carthage/Build/iOS/PureXML.framework; sourceTree = "<group>"; };
		F673D21B1DE1C245009B3C99 /* FileArchive.swift */ = {isa = PBXFileReference; fileEncoding = 4; lastKnownFileType = sourcecode.swift; path = FileArchive.swift; sourceTree = "<group>"; };
		F673D2201DE1C2AA009B3C99 /* PureXML.framework */ = {isa = PBXFileReference; lastKnownFileType = wrapper.framework; name = PureXML.framework; path = ../Carthage/Build/Mac/PureXML.framework; sourceTree = "<group>"; };
		F673D23A1DE1C352009B3C99 /* ArchiveTests.swift */ = {isa = PBXFileReference; fileEncoding = 4; lastKnownFileType = sourcecode.swift; path = ArchiveTests.swift; sourceTree = "<group>"; };
		F688F46E1DF304E400B4D3B4 /* Archive.swift */ = {isa = PBXFileReference; fileEncoding = 4; lastKnownFileType = sourcecode.swift; path = Archive.swift; sourceTree = "<group>"; };
		F69A25761DF43470007D5C35 /* Hub.swift */ = {isa = PBXFileReference; fileEncoding = 4; lastKnownFileType = sourcecode.swift; path = Hub.swift; sourceTree = "<group>"; };
		F69A25791DF436AD007D5C35 /* ArchiveManager.swift */ = {isa = PBXFileReference; fileEncoding = 4; lastKnownFileType = sourcecode.swift; path = ArchiveManager.swift; sourceTree = "<group>"; };
		F69A257C1DF440F2007D5C35 /* FileArchvieManager.swift */ = {isa = PBXFileReference; fileEncoding = 4; lastKnownFileType = sourcecode.swift; path = FileArchvieManager.swift; sourceTree = "<group>"; };
		F69A257F1DF441A9007D5C35 /* FileArchvieManagerTests.swift */ = {isa = PBXFileReference; fileEncoding = 4; lastKnownFileType = sourcecode.swift; path = FileArchvieManagerTests.swift; sourceTree = "<group>"; };
		F6FAE8661DFCB8A40039EE7A /* XMPPFoundation.framework */ = {isa = PBXFileReference; lastKnownFileType = wrapper.framework; name = XMPPFoundation.framework; path = ../Carthage/Build/iOS/XMPPFoundation.framework; sourceTree = "<group>"; };
		F6FAE8691DFCB8BC0039EE7A /* XMPPFoundation.framework */ = {isa = PBXFileReference; lastKnownFileType = wrapper.framework; name = XMPPFoundation.framework; path = ../Carthage/Build/Mac/XMPPFoundation.framework; sourceTree = "<group>"; };
		F6FAE86F1DFDF0890039EE7A /* MessageCarbonsDispatchHandlerTests.swift */ = {isa = PBXFileReference; fileEncoding = 4; lastKnownFileType = sourcecode.swift; path = MessageCarbonsDispatchHandlerTests.swift; sourceTree = "<group>"; };
		F6FCE96B1DE1C87F0088A662 /* TestCase.swift */ = {isa = PBXFileReference; fileEncoding = 4; lastKnownFileType = sourcecode.swift; path = TestCase.swift; sourceTree = "<group>"; };
		F6FCE9711DE3B1AA0088A662 /* FileArchiveSetup.swift */ = {isa = PBXFileReference; fileEncoding = 4; lastKnownFileType = sourcecode.swift; path = FileArchiveSetup.swift; sourceTree = "<group>"; };
		F6FCE9741DE3B1F20088A662 /* ArchiveSetupTests.swift */ = {isa = PBXFileReference; fileEncoding = 4; lastKnownFileType = sourcecode.swift; path = ArchiveSetupTests.swift; sourceTree = "<group>"; };
		F6FCE9771DE3C4810088A662 /* Message.swift */ = {isa = PBXFileReference; fileEncoding = 4; lastKnownFileType = sourcecode.swift; path = Message.swift; sourceTree = "<group>"; };
		F6FCE9821DEB6AEE0088A662 /* FileArchiveDocumentStore.swift */ = {isa = PBXFileReference; fileEncoding = 4; lastKnownFileType = sourcecode.swift; path = FileArchiveDocumentStore.swift; sourceTree = "<group>"; };
		F6FCE9851DEB6BA60088A662 /* ArchiveDocumentStoreTests.swift */ = {isa = PBXFileReference; fileEncoding = 4; lastKnownFileType = sourcecode.swift; path = ArchiveDocumentStoreTests.swift; sourceTree = "<group>"; };
		F6FCE9881DEB74080088A662 /* SQLite.framework */ = {isa = PBXFileReference; lastKnownFileType = wrapper.framework; name = SQLite.framework; path = ../Carthage/Build/iOS/SQLite.framework; sourceTree = "<group>"; };
		F6FCE98B1DEB742C0088A662 /* SQLite.framework */ = {isa = PBXFileReference; lastKnownFileType = wrapper.framework; name = SQLite.framework; path = ../Carthage/Build/Mac/SQLite.framework; sourceTree = "<group>"; };
		F6FCE98F1DF0D68F0088A662 /* SQLite.swift */ = {isa = PBXFileReference; fileEncoding = 4; lastKnownFileType = sourcecode.swift; path = SQLite.swift; sourceTree = "<group>"; };
/* End PBXFileReference section */

/* Begin PBXFrameworksBuildPhase section */
		F673D1CF1DE1BB55009B3C99 /* Frameworks */ = {
			isa = PBXFrameworksBuildPhase;
			buildActionMask = 2147483647;
			files = (
				F6FAE8671DFCB8A40039EE7A /* XMPPFoundation.framework in Frameworks */,
				F6FCE9891DEB74080088A662 /* SQLite.framework in Frameworks */,
				F673D2111DE1C107009B3C99 /* PureXML.framework in Frameworks */,
			);
			runOnlyForDeploymentPostprocessing = 0;
		};
		F673D1D91DE1BB55009B3C99 /* Frameworks */ = {
			isa = PBXFrameworksBuildPhase;
			buildActionMask = 2147483647;
			files = (
				F673D1DD1DE1BB55009B3C99 /* XMPPMessageHub.framework in Frameworks */,
				F673D2171DE1C130009B3C99 /* PureXML.framework in Frameworks */,
				F6FCE98A1DEB74110088A662 /* SQLite.framework in Frameworks */,
				F6FAE8681DFCB8AB0039EE7A /* XMPPFoundation.framework in Frameworks */,
			);
			runOnlyForDeploymentPostprocessing = 0;
		};
		F673D1EE1DE1C02C009B3C99 /* Frameworks */ = {
			isa = PBXFrameworksBuildPhase;
			buildActionMask = 2147483647;
			files = (
				F6FAE86A1DFCB8BC0039EE7A /* XMPPFoundation.framework in Frameworks */,
				F6FCE98C1DEB742C0088A662 /* SQLite.framework in Frameworks */,
				F673D2251DE1C2AA009B3C99 /* PureXML.framework in Frameworks */,
			);
			runOnlyForDeploymentPostprocessing = 0;
		};
		F673D1F71DE1C02D009B3C99 /* Frameworks */ = {
			isa = PBXFrameworksBuildPhase;
			buildActionMask = 2147483647;
			files = (
				F673D1FB1DE1C02D009B3C99 /* XMPPMessageHub.framework in Frameworks */,
				F673D22B1DE1C2C4009B3C99 /* PureXML.framework in Frameworks */,
				F6FCE98D1DEB74340088A662 /* SQLite.framework in Frameworks */,
				F6FAE86B1DFCB8C50039EE7A /* XMPPFoundation.framework in Frameworks */,
			);
			runOnlyForDeploymentPostprocessing = 0;
		};
/* End PBXFrameworksBuildPhase section */

/* Begin PBXGroup section */
		F664252A1DF63708001F8F6E /* Filter */ = {
			isa = PBXGroup;
			children = (
				F664252B1DF6371C001F8F6E /* MessageFilter.swift */,
				F664252E1DF638DF001F8F6E /* MessageCarbonsFilter.swift */,
			);
			name = Filter;
			sourceTree = "<group>";
		};
		F66425401DF94DF9001F8F6E /* Handler */ = {
			isa = PBXGroup;
			children = (
				F66425411DF94E15001F8F6E /* MessageCarbonsDispatchHandler.swift */,
			);
			name = Handler;
			sourceTree = "<group>";
		};
		F673D1C91DE1BB55009B3C99 = {
			isa = PBXGroup;
			children = (
				F673D1D51DE1BB55009B3C99 /* XMPPMessageHub */,
				F673D1FE1DE1C02D009B3C99 /* XMPPMessageHubTests */,
				F673D1D41DE1BB55009B3C99 /* Products */,
				F673D2091DE1C107009B3C99 /* Frameworks */,
			);
			sourceTree = "<group>";
		};
		F673D1D41DE1BB55009B3C99 /* Products */ = {
			isa = PBXGroup;
			children = (
				F673D1D31DE1BB55009B3C99 /* XMPPMessageHub.framework */,
				F673D1DC1DE1BB55009B3C99 /* XMPPMessageHubTests.xctest */,
				F673D1F21DE1C02C009B3C99 /* XMPPMessageHub.framework */,
				F673D1FA1DE1C02D009B3C99 /* XMPPMessageHubTests.xctest */,
			);
			name = Products;
			sourceTree = "<group>";
		};
		F673D1D51DE1BB55009B3C99 /* XMPPMessageHub */ = {
			isa = PBXGroup;
			children = (
				F6FCE9771DE3C4810088A662 /* Message.swift */,
				F69A25751DF4345F007D5C35 /* Hub */,
				F66425401DF94DF9001F8F6E /* Handler */,
				F664252A1DF63708001F8F6E /* Filter */,
				F6FCE97A1DEB416D0088A662 /* Archive */,
				F673D23E1DE1C460009B3C99 /* Supporting Files */,
			);
			path = XMPPMessageHub;
			sourceTree = "<group>";
		};
		F673D1FE1DE1C02D009B3C99 /* XMPPMessageHubTests */ = {
			isa = PBXGroup;
			children = (
				F6FCE96B1DE1C87F0088A662 /* TestCase.swift */,
				F625A5491DF44F2B0005AFD3 /* HubTests.swift */,
				F69A257F1DF441A9007D5C35 /* FileArchvieManagerTests.swift */,
				F673D23A1DE1C352009B3C99 /* ArchiveTests.swift */,
				F6FCE9741DE3B1F20088A662 /* ArchiveSetupTests.swift */,
				F6FCE9851DEB6BA60088A662 /* ArchiveDocumentStoreTests.swift */,
				F66425311DF63A12001F8F6E /* MessageCarbonsFilterTests.swift */,
				F6FAE86F1DFDF0890039EE7A /* MessageCarbonsDispatchHandlerTests.swift */,
				F66425341DF63AFF001F8F6E /* xep_0280_received.xml */,
				F66425371DF645BC001F8F6E /* xep_0280_sent.xml */,
				F673D23D1DE1C435009B3C99 /* Supporting Files */,
			);
			path = XMPPMessageHubTests;
			sourceTree = "<group>";
		};
		F673D2091DE1C107009B3C99 /* Frameworks */ = {
			isa = PBXGroup;
			children = (
				F673D2141DE1C10E009B3C99 /* iOS */,
				F673D2281DE1C2AE009B3C99 /* macOS */,
			);
			name = Frameworks;
			sourceTree = "<group>";
		};
		F673D2141DE1C10E009B3C99 /* iOS */ = {
			isa = PBXGroup;
			children = (
				F6FAE8661DFCB8A40039EE7A /* XMPPFoundation.framework */,
				F6FCE9881DEB74080088A662 /* SQLite.framework */,
				F673D20C1DE1C107009B3C99 /* PureXML.framework */,
			);
			name = iOS;
			sourceTree = "<group>";
		};
		F673D2281DE1C2AE009B3C99 /* macOS */ = {
			isa = PBXGroup;
			children = (
				F6FAE8691DFCB8BC0039EE7A /* XMPPFoundation.framework */,
				F6FCE98B1DEB742C0088A662 /* SQLite.framework */,
				F673D2201DE1C2AA009B3C99 /* PureXML.framework */,
			);
			name = macOS;
			sourceTree = "<group>";
		};
		F673D23D1DE1C435009B3C99 /* Supporting Files */ = {
			isa = PBXGroup;
			children = (
				F673D2011DE1C02D009B3C99 /* Info.plist */,
			);
			name = "Supporting Files";
			sourceTree = "<group>";
		};
		F673D23E1DE1C460009B3C99 /* Supporting Files */ = {
			isa = PBXGroup;
			children = (
				F673D1D61DE1BB55009B3C99 /* XMPPMessageHub.h */,
				F673D1D71DE1BB55009B3C99 /* Info.plist */,
			);
			name = "Supporting Files";
			sourceTree = "<group>";
		};
		F688F46D1DF304BC00B4D3B4 /* File Archive */ = {
			isa = PBXGroup;
			children = (
				F69A257C1DF440F2007D5C35 /* FileArchvieManager.swift */,
				F673D21B1DE1C245009B3C99 /* FileArchive.swift */,
				F6FCE9711DE3B1AA0088A662 /* FileArchiveSetup.swift */,
				F6FCE9821DEB6AEE0088A662 /* FileArchiveDocumentStore.swift */,
				F6FCE98F1DF0D68F0088A662 /* SQLite.swift */,
			);
			name = "File Archive";
			sourceTree = "<group>";
		};
		F69A25751DF4345F007D5C35 /* Hub */ = {
			isa = PBXGroup;
			children = (
				F69A25761DF43470007D5C35 /* Hub.swift */,
				F664253A1DF6A429001F8F6E /* InboundMesageHandler.swift */,
				F664253D1DF6A93B001F8F6E /* OutboundMessageHandler.swift */,
			);
			name = Hub;
			sourceTree = "<group>";
		};
		F6FCE97A1DEB416D0088A662 /* Archive */ = {
			isa = PBXGroup;
			children = (
				F625A54C1DF4624E0005AFD3 /* ArchiveProxy.swift */,
				F688F46E1DF304E400B4D3B4 /* Archive.swift */,
				F69A25791DF436AD007D5C35 /* ArchiveManager.swift */,
				F688F46D1DF304BC00B4D3B4 /* File Archive */,
			);
			name = Archive;
			sourceTree = "<group>";
		};
/* End PBXGroup section */

/* Begin PBXHeadersBuildPhase section */
		F673D1D01DE1BB55009B3C99 /* Headers */ = {
			isa = PBXHeadersBuildPhase;
			buildActionMask = 2147483647;
			files = (
				F673D1E41DE1BB55009B3C99 /* XMPPMessageHub.h in Headers */,
			);
			runOnlyForDeploymentPostprocessing = 0;
		};
		F673D1EF1DE1C02C009B3C99 /* Headers */ = {
			isa = PBXHeadersBuildPhase;
			buildActionMask = 2147483647;
			files = (
			);
			runOnlyForDeploymentPostprocessing = 0;
		};
/* End PBXHeadersBuildPhase section */

/* Begin PBXNativeTarget section */
		F673D1D21DE1BB55009B3C99 /* iOS */ = {
			isa = PBXNativeTarget;
			buildConfigurationList = F673D1E71DE1BB55009B3C99 /* Build configuration list for PBXNativeTarget "iOS" */;
			buildPhases = (
				F673D1CE1DE1BB55009B3C99 /* Sources */,
				F673D1CF1DE1BB55009B3C99 /* Frameworks */,
				F673D1D01DE1BB55009B3C99 /* Headers */,
				F673D1D11DE1BB55009B3C99 /* Resources */,
			);
			buildRules = (
			);
			dependencies = (
			);
			name = iOS;
			productName = XMPPMessageHub;
			productReference = F673D1D31DE1BB55009B3C99 /* XMPPMessageHub.framework */;
			productType = "com.apple.product-type.framework";
		};
		F673D1DB1DE1BB55009B3C99 /* iOSTests */ = {
			isa = PBXNativeTarget;
			buildConfigurationList = F673D1EA1DE1BB55009B3C99 /* Build configuration list for PBXNativeTarget "iOSTests" */;
			buildPhases = (
				F673D1D81DE1BB55009B3C99 /* Sources */,
				F673D1D91DE1BB55009B3C99 /* Frameworks */,
				F673D1DA1DE1BB55009B3C99 /* Resources */,
				F673D21A1DE1C1C4009B3C99 /* ShellScript */,
			);
			buildRules = (
			);
			dependencies = (
				F673D1DF1DE1BB55009B3C99 /* PBXTargetDependency */,
			);
			name = iOSTests;
			productName = XMPPMessageHubTests;
			productReference = F673D1DC1DE1BB55009B3C99 /* XMPPMessageHubTests.xctest */;
			productType = "com.apple.product-type.bundle.unit-test";
		};
		F673D1F11DE1C02C009B3C99 /* macOS */ = {
			isa = PBXNativeTarget;
			buildConfigurationList = F673D2031DE1C02D009B3C99 /* Build configuration list for PBXNativeTarget "macOS" */;
			buildPhases = (
				F673D1ED1DE1C02C009B3C99 /* Sources */,
				F673D1EE1DE1C02C009B3C99 /* Frameworks */,
				F673D1EF1DE1C02C009B3C99 /* Headers */,
				F673D1F01DE1C02C009B3C99 /* Resources */,
			);
			buildRules = (
			);
			dependencies = (
			);
			name = macOS;
			productName = XMPPMessageHub;
			productReference = F673D1F21DE1C02C009B3C99 /* XMPPMessageHub.framework */;
			productType = "com.apple.product-type.framework";
		};
		F673D1F91DE1C02D009B3C99 /* macOSTests */ = {
			isa = PBXNativeTarget;
			buildConfigurationList = F673D2061DE1C02D009B3C99 /* Build configuration list for PBXNativeTarget "macOSTests" */;
			buildPhases = (
				F673D1F61DE1C02D009B3C99 /* Sources */,
				F673D1F71DE1C02D009B3C99 /* Frameworks */,
				F673D1F81DE1C02D009B3C99 /* Resources */,
				F673D2331DE1C304009B3C99 /* CopyFiles */,
			);
			buildRules = (
			);
			dependencies = (
				F673D1FD1DE1C02D009B3C99 /* PBXTargetDependency */,
			);
			name = macOSTests;
			productName = XMPPMessageHubTests;
			productReference = F673D1FA1DE1C02D009B3C99 /* XMPPMessageHubTests.xctest */;
			productType = "com.apple.product-type.bundle.unit-test";
		};
/* End PBXNativeTarget section */

/* Begin PBXProject section */
		F673D1CA1DE1BB55009B3C99 /* Project object */ = {
			isa = PBXProject;
			attributes = {
				LastSwiftUpdateCheck = 0810;
				LastUpgradeCheck = 0810;
				ORGANIZATIONNAME = "Tobias Kraentzer";
				TargetAttributes = {
					F673D1D21DE1BB55009B3C99 = {
						CreatedOnToolsVersion = 8.1;
						DevelopmentTeam = EJW69VRSSH;
						LastSwiftMigration = 0810;
						ProvisioningStyle = Automatic;
					};
					F673D1DB1DE1BB55009B3C99 = {
						CreatedOnToolsVersion = 8.1;
						DevelopmentTeam = EJW69VRSSH;
						LastSwiftMigration = 0810;
						ProvisioningStyle = Automatic;
					};
					F673D1F11DE1C02C009B3C99 = {
						CreatedOnToolsVersion = 8.1;
						DevelopmentTeam = EJW69VRSSH;
						LastSwiftMigration = 0810;
						ProvisioningStyle = Automatic;
					};
					F673D1F91DE1C02D009B3C99 = {
						CreatedOnToolsVersion = 8.1;
						DevelopmentTeam = EJW69VRSSH;
						ProvisioningStyle = Automatic;
					};
				};
			};
			buildConfigurationList = F673D1CD1DE1BB55009B3C99 /* Build configuration list for PBXProject "XMPPMessageHub" */;
			compatibilityVersion = "Xcode 3.2";
			developmentRegion = English;
			hasScannedForEncodings = 0;
			knownRegions = (
				en,
			);
			mainGroup = F673D1C91DE1BB55009B3C99;
			productRefGroup = F673D1D41DE1BB55009B3C99 /* Products */;
			projectDirPath = "";
			projectRoot = "";
			targets = (
				F673D1D21DE1BB55009B3C99 /* iOS */,
				F673D1DB1DE1BB55009B3C99 /* iOSTests */,
				F673D1F11DE1C02C009B3C99 /* macOS */,
				F673D1F91DE1C02D009B3C99 /* macOSTests */,
			);
		};
/* End PBXProject section */

/* Begin PBXResourcesBuildPhase section */
		F673D1D11DE1BB55009B3C99 /* Resources */ = {
			isa = PBXResourcesBuildPhase;
			buildActionMask = 2147483647;
			files = (
			);
			runOnlyForDeploymentPostprocessing = 0;
		};
		F673D1DA1DE1BB55009B3C99 /* Resources */ = {
			isa = PBXResourcesBuildPhase;
			buildActionMask = 2147483647;
			files = (
				F66425351DF63AFF001F8F6E /* xep_0280_received.xml in Resources */,
				F66425381DF645BC001F8F6E /* xep_0280_sent.xml in Resources */,
			);
			runOnlyForDeploymentPostprocessing = 0;
		};
		F673D1F01DE1C02C009B3C99 /* Resources */ = {
			isa = PBXResourcesBuildPhase;
			buildActionMask = 2147483647;
			files = (
			);
			runOnlyForDeploymentPostprocessing = 0;
		};
		F673D1F81DE1C02D009B3C99 /* Resources */ = {
			isa = PBXResourcesBuildPhase;
			buildActionMask = 2147483647;
			files = (
				F66425361DF63AFF001F8F6E /* xep_0280_received.xml in Resources */,
				F66425391DF645BC001F8F6E /* xep_0280_sent.xml in Resources */,
			);
			runOnlyForDeploymentPostprocessing = 0;
		};
/* End PBXResourcesBuildPhase section */

/* Begin PBXShellScriptBuildPhase section */
		F673D21A1DE1C1C4009B3C99 /* ShellScript */ = {
			isa = PBXShellScriptBuildPhase;
			buildActionMask = 2147483647;
			files = (
			);
			inputPaths = (
				"$(SRCROOT)/../Carthage/Build/iOS/XMPPFoundation.framework",
				"$(SRCROOT)/../Carthage/Build/iOS/PureXML.framework",
				"$(SRCROOT)/../Carthage/Build/iOS/SQLite.framework",
			);
			outputPaths = (
			);
			runOnlyForDeploymentPostprocessing = 0;
			shellPath = /bin/sh;
			shellScript = "/usr/local/bin/carthage copy-frameworks";
		};
/* End PBXShellScriptBuildPhase section */

/* Begin PBXSourcesBuildPhase section */
		F673D1CE1DE1BB55009B3C99 /* Sources */ = {
			isa = PBXSourcesBuildPhase;
			buildActionMask = 2147483647;
			files = (
				F69A25771DF43470007D5C35 /* Hub.swift in Sources */,
				F664252C1DF6371C001F8F6E /* MessageFilter.swift in Sources */,
				F664252F1DF638DF001F8F6E /* MessageCarbonsFilter.swift in Sources */,
				F625A54D1DF4624E0005AFD3 /* ArchiveProxy.swift in Sources */,
				F6FCE9721DE3B1AA0088A662 /* FileArchiveSetup.swift in Sources */,
				F6FCE9781DE3C4810088A662 /* Message.swift in Sources */,
				F6FCE9901DF0D68F0088A662 /* SQLite.swift in Sources */,
				F69A257A1DF436AD007D5C35 /* ArchiveManager.swift in Sources */,
				F664253B1DF6A429001F8F6E /* InboundMesageHandler.swift in Sources */,
				F69A257D1DF440F2007D5C35 /* FileArchvieManager.swift in Sources */,
				F664253E1DF6A93B001F8F6E /* OutboundMessageHandler.swift in Sources */,
				F673D21C1DE1C245009B3C99 /* FileArchive.swift in Sources */,
				F66425421DF94E15001F8F6E /* MessageCarbonsDispatchHandler.swift in Sources */,
				F688F46F1DF304E400B4D3B4 /* Archive.swift in Sources */,
				F6FCE9831DEB6AEE0088A662 /* FileArchiveDocumentStore.swift in Sources */,
			);
			runOnlyForDeploymentPostprocessing = 0;
		};
		F673D1D81DE1BB55009B3C99 /* Sources */ = {
			isa = PBXSourcesBuildPhase;
			buildActionMask = 2147483647;
			files = (
				F673D23B1DE1C352009B3C99 /* ArchiveTests.swift in Sources */,
				F6FAE8701DFDF0890039EE7A /* MessageCarbonsDispatchHandlerTests.swift in Sources */,
				F625A54A1DF44F2B0005AFD3 /* HubTests.swift in Sources */,
				F6FCE9751DE3B1F20088A662 /* ArchiveSetupTests.swift in Sources */,
				F6FCE96C1DE1C87F0088A662 /* TestCase.swift in Sources */,
				F69A25801DF441A9007D5C35 /* FileArchvieManagerTests.swift in Sources */,
				F66425321DF63A12001F8F6E /* MessageCarbonsFilterTests.swift in Sources */,
				F6FCE9861DEB6BA60088A662 /* ArchiveDocumentStoreTests.swift in Sources */,
			);
			runOnlyForDeploymentPostprocessing = 0;
		};
		F673D1ED1DE1C02C009B3C99 /* Sources */ = {
			isa = PBXSourcesBuildPhase;
			buildActionMask = 2147483647;
			files = (
				F69A25781DF43470007D5C35 /* Hub.swift in Sources */,
				F664252D1DF6371C001F8F6E /* MessageFilter.swift in Sources */,
				F66425301DF638DF001F8F6E /* MessageCarbonsFilter.swift in Sources */,
				F625A54E1DF4624E0005AFD3 /* ArchiveProxy.swift in Sources */,
				F6FCE9731DE3B1AA0088A662 /* FileArchiveSetup.swift in Sources */,
				F6FCE9791DE3C4810088A662 /* Message.swift in Sources */,
				F6FCE9911DF0D68F0088A662 /* SQLite.swift in Sources */,
				F69A257B1DF436AD007D5C35 /* ArchiveManager.swift in Sources */,
				F664253C1DF6A429001F8F6E /* InboundMesageHandler.swift in Sources */,
				F69A257E1DF440F2007D5C35 /* FileArchvieManager.swift in Sources */,
				F664253F1DF6A93B001F8F6E /* OutboundMessageHandler.swift in Sources */,
				F673D21D1DE1C245009B3C99 /* FileArchive.swift in Sources */,
				F66425431DF94E15001F8F6E /* MessageCarbonsDispatchHandler.swift in Sources */,
				F688F4701DF304E400B4D3B4 /* Archive.swift in Sources */,
				F6FCE9841DEB6AEE0088A662 /* FileArchiveDocumentStore.swift in Sources */,
			);
			runOnlyForDeploymentPostprocessing = 0;
		};
		F673D1F61DE1C02D009B3C99 /* Sources */ = {
			isa = PBXSourcesBuildPhase;
			buildActionMask = 2147483647;
			files = (
				F673D23C1DE1C352009B3C99 /* ArchiveTests.swift in Sources */,
				F6FAE8711DFDF0890039EE7A /* MessageCarbonsDispatchHandlerTests.swift in Sources */,
				F625A54B1DF44F2B0005AFD3 /* HubTests.swift in Sources */,
				F6FCE9761DE3B1F20088A662 /* ArchiveSetupTests.swift in Sources */,
				F6FCE96D1DE1C87F0088A662 /* TestCase.swift in Sources */,
				F69A25811DF441A9007D5C35 /* FileArchvieManagerTests.swift in Sources */,
				F66425331DF63A12001F8F6E /* MessageCarbonsFilterTests.swift in Sources */,
				F6FCE9871DEB6BA60088A662 /* ArchiveDocumentStoreTests.swift in Sources */,
			);
			runOnlyForDeploymentPostprocessing = 0;
		};
/* End PBXSourcesBuildPhase section */

/* Begin PBXTargetDependency section */
		F673D1DF1DE1BB55009B3C99 /* PBXTargetDependency */ = {
			isa = PBXTargetDependency;
			target = F673D1D21DE1BB55009B3C99 /* iOS */;
			targetProxy = F673D1DE1DE1BB55009B3C99 /* PBXContainerItemProxy */;
		};
		F673D1FD1DE1C02D009B3C99 /* PBXTargetDependency */ = {
			isa = PBXTargetDependency;
			target = F673D1F11DE1C02C009B3C99 /* macOS */;
			targetProxy = F673D1FC1DE1C02D009B3C99 /* PBXContainerItemProxy */;
		};
/* End PBXTargetDependency section */

/* Begin XCBuildConfiguration section */
		F673D1E51DE1BB55009B3C99 /* Debug */ = {
			isa = XCBuildConfiguration;
			buildSettings = {
				ALWAYS_SEARCH_USER_PATHS = NO;
				CLANG_ANALYZER_NONNULL = YES;
				CLANG_CXX_LANGUAGE_STANDARD = "gnu++0x";
				CLANG_CXX_LIBRARY = "libc++";
				CLANG_ENABLE_MODULES = YES;
				CLANG_ENABLE_OBJC_ARC = YES;
				CLANG_WARN_BOOL_CONVERSION = YES;
				CLANG_WARN_CONSTANT_CONVERSION = YES;
				CLANG_WARN_DIRECT_OBJC_ISA_USAGE = YES_ERROR;
				CLANG_WARN_DOCUMENTATION_COMMENTS = YES;
				CLANG_WARN_EMPTY_BODY = YES;
				CLANG_WARN_ENUM_CONVERSION = YES;
				CLANG_WARN_INFINITE_RECURSION = YES;
				CLANG_WARN_INT_CONVERSION = YES;
				CLANG_WARN_OBJC_ROOT_CLASS = YES_ERROR;
				CLANG_WARN_SUSPICIOUS_MOVES = YES;
				CLANG_WARN_UNREACHABLE_CODE = YES;
				CLANG_WARN__DUPLICATE_METHOD_MATCH = YES;
				"CODE_SIGN_IDENTITY[sdk=iphoneos*]" = "iPhone Developer";
				COPY_PHASE_STRIP = NO;
				CURRENT_PROJECT_VERSION = 1;
				DEBUG_INFORMATION_FORMAT = dwarf;
				ENABLE_STRICT_OBJC_MSGSEND = YES;
				ENABLE_TESTABILITY = YES;
				GCC_C_LANGUAGE_STANDARD = gnu99;
				GCC_DYNAMIC_NO_PIC = NO;
				GCC_NO_COMMON_BLOCKS = YES;
				GCC_OPTIMIZATION_LEVEL = 0;
				GCC_PREPROCESSOR_DEFINITIONS = (
					"DEBUG=1",
					"$(inherited)",
				);
				GCC_WARN_64_TO_32_BIT_CONVERSION = YES;
				GCC_WARN_ABOUT_RETURN_TYPE = YES_ERROR;
				GCC_WARN_UNDECLARED_SELECTOR = YES;
				GCC_WARN_UNINITIALIZED_AUTOS = YES_AGGRESSIVE;
				GCC_WARN_UNUSED_FUNCTION = YES;
				GCC_WARN_UNUSED_VARIABLE = YES;
				IPHONEOS_DEPLOYMENT_TARGET = 9.3;
				MTL_ENABLE_DEBUG_INFO = YES;
				ONLY_ACTIVE_ARCH = YES;
				SDKROOT = iphoneos;
				SWIFT_ACTIVE_COMPILATION_CONDITIONS = DEBUG;
				SWIFT_OPTIMIZATION_LEVEL = "-Onone";
				TARGETED_DEVICE_FAMILY = "1,2";
				VERSIONING_SYSTEM = "apple-generic";
				VERSION_INFO_PREFIX = "";
			};
			name = Debug;
		};
		F673D1E61DE1BB55009B3C99 /* Release */ = {
			isa = XCBuildConfiguration;
			buildSettings = {
				ALWAYS_SEARCH_USER_PATHS = NO;
				CLANG_ANALYZER_NONNULL = YES;
				CLANG_CXX_LANGUAGE_STANDARD = "gnu++0x";
				CLANG_CXX_LIBRARY = "libc++";
				CLANG_ENABLE_MODULES = YES;
				CLANG_ENABLE_OBJC_ARC = YES;
				CLANG_WARN_BOOL_CONVERSION = YES;
				CLANG_WARN_CONSTANT_CONVERSION = YES;
				CLANG_WARN_DIRECT_OBJC_ISA_USAGE = YES_ERROR;
				CLANG_WARN_DOCUMENTATION_COMMENTS = YES;
				CLANG_WARN_EMPTY_BODY = YES;
				CLANG_WARN_ENUM_CONVERSION = YES;
				CLANG_WARN_INFINITE_RECURSION = YES;
				CLANG_WARN_INT_CONVERSION = YES;
				CLANG_WARN_OBJC_ROOT_CLASS = YES_ERROR;
				CLANG_WARN_SUSPICIOUS_MOVES = YES;
				CLANG_WARN_UNREACHABLE_CODE = YES;
				CLANG_WARN__DUPLICATE_METHOD_MATCH = YES;
				"CODE_SIGN_IDENTITY[sdk=iphoneos*]" = "iPhone Developer";
				COPY_PHASE_STRIP = NO;
				CURRENT_PROJECT_VERSION = 1;
				DEBUG_INFORMATION_FORMAT = "dwarf-with-dsym";
				ENABLE_NS_ASSERTIONS = NO;
				ENABLE_STRICT_OBJC_MSGSEND = YES;
				GCC_C_LANGUAGE_STANDARD = gnu99;
				GCC_NO_COMMON_BLOCKS = YES;
				GCC_WARN_64_TO_32_BIT_CONVERSION = YES;
				GCC_WARN_ABOUT_RETURN_TYPE = YES_ERROR;
				GCC_WARN_UNDECLARED_SELECTOR = YES;
				GCC_WARN_UNINITIALIZED_AUTOS = YES_AGGRESSIVE;
				GCC_WARN_UNUSED_FUNCTION = YES;
				GCC_WARN_UNUSED_VARIABLE = YES;
				IPHONEOS_DEPLOYMENT_TARGET = 9.3;
				MTL_ENABLE_DEBUG_INFO = NO;
				SDKROOT = iphoneos;
				SWIFT_OPTIMIZATION_LEVEL = "-Owholemodule";
				TARGETED_DEVICE_FAMILY = "1,2";
				VALIDATE_PRODUCT = YES;
				VERSIONING_SYSTEM = "apple-generic";
				VERSION_INFO_PREFIX = "";
			};
			name = Release;
		};
		F673D1E81DE1BB55009B3C99 /* Debug */ = {
			isa = XCBuildConfiguration;
			buildSettings = {
				APPLICATION_EXTENSION_API_ONLY = YES;
				CLANG_ENABLE_MODULES = YES;
				CODE_SIGN_IDENTITY = "";
				DEFINES_MODULE = YES;
				DEVELOPMENT_TEAM = EJW69VRSSH;
				DYLIB_COMPATIBILITY_VERSION = 1;
				DYLIB_CURRENT_VERSION = 1;
				DYLIB_INSTALL_NAME_BASE = "@rpath";
				FRAMEWORK_SEARCH_PATHS = "$(PROJECT_DIR)/../Carthage/Build/iOS/";
				INFOPLIST_FILE = XMPPMessageHub/Info.plist;
				INSTALL_PATH = "$(LOCAL_LIBRARY_DIR)/Frameworks";
				LD_RUNPATH_SEARCH_PATHS = "$(inherited) @executable_path/Frameworks @loader_path/Frameworks";
				PRODUCT_BUNDLE_IDENTIFIER = org.intercambio.XMPPMessageHub;
				PRODUCT_NAME = XMPPMessageHub;
				SKIP_INSTALL = YES;
				SWIFT_OPTIMIZATION_LEVEL = "-Onone";
				SWIFT_VERSION = 3.0;
			};
			name = Debug;
		};
		F673D1E91DE1BB55009B3C99 /* Release */ = {
			isa = XCBuildConfiguration;
			buildSettings = {
				APPLICATION_EXTENSION_API_ONLY = YES;
				CLANG_ENABLE_MODULES = YES;
				CODE_SIGN_IDENTITY = "";
				DEFINES_MODULE = YES;
				DEVELOPMENT_TEAM = EJW69VRSSH;
				DYLIB_COMPATIBILITY_VERSION = 1;
				DYLIB_CURRENT_VERSION = 1;
				DYLIB_INSTALL_NAME_BASE = "@rpath";
				FRAMEWORK_SEARCH_PATHS = "$(PROJECT_DIR)/../Carthage/Build/iOS/";
				INFOPLIST_FILE = XMPPMessageHub/Info.plist;
				INSTALL_PATH = "$(LOCAL_LIBRARY_DIR)/Frameworks";
				LD_RUNPATH_SEARCH_PATHS = "$(inherited) @executable_path/Frameworks @loader_path/Frameworks";
				PRODUCT_BUNDLE_IDENTIFIER = org.intercambio.XMPPMessageHub;
				PRODUCT_NAME = XMPPMessageHub;
				SKIP_INSTALL = YES;
				SWIFT_VERSION = 3.0;
			};
			name = Release;
		};
		F673D1EB1DE1BB55009B3C99 /* Debug */ = {
			isa = XCBuildConfiguration;
			buildSettings = {
				ALWAYS_EMBED_SWIFT_STANDARD_LIBRARIES = YES;
				CLANG_ENABLE_MODULES = YES;
				DEVELOPMENT_TEAM = EJW69VRSSH;
				FRAMEWORK_SEARCH_PATHS = "$(PROJECT_DIR)/../Carthage/Build/iOS/";
				INFOPLIST_FILE = XMPPMessageHubTests/Info.plist;
				LD_RUNPATH_SEARCH_PATHS = "$(inherited) @executable_path/Frameworks @loader_path/Frameworks";
				PRODUCT_BUNDLE_IDENTIFIER = org.intercambio.XMPPMessageHubTests;
				PRODUCT_NAME = XMPPMessageHubTests;
				SWIFT_OPTIMIZATION_LEVEL = "-Onone";
				SWIFT_VERSION = 3.0;
			};
			name = Debug;
		};
		F673D1EC1DE1BB55009B3C99 /* Release */ = {
			isa = XCBuildConfiguration;
			buildSettings = {
				ALWAYS_EMBED_SWIFT_STANDARD_LIBRARIES = YES;
				CLANG_ENABLE_MODULES = YES;
				DEVELOPMENT_TEAM = EJW69VRSSH;
				FRAMEWORK_SEARCH_PATHS = "$(PROJECT_DIR)/../Carthage/Build/iOS/";
				INFOPLIST_FILE = XMPPMessageHubTests/Info.plist;
				LD_RUNPATH_SEARCH_PATHS = "$(inherited) @executable_path/Frameworks @loader_path/Frameworks";
				PRODUCT_BUNDLE_IDENTIFIER = org.intercambio.XMPPMessageHubTests;
				PRODUCT_NAME = XMPPMessageHubTests;
				SWIFT_VERSION = 3.0;
			};
			name = Release;
		};
		F673D2041DE1C02D009B3C99 /* Debug */ = {
			isa = XCBuildConfiguration;
			buildSettings = {
				CLANG_ENABLE_MODULES = YES;
				CODE_SIGN_IDENTITY = "-";
				COMBINE_HIDPI_IMAGES = YES;
				DEFINES_MODULE = YES;
				DEVELOPMENT_TEAM = EJW69VRSSH;
				DYLIB_COMPATIBILITY_VERSION = 1;
				DYLIB_CURRENT_VERSION = 1;
				DYLIB_INSTALL_NAME_BASE = "@rpath";
				FRAMEWORK_SEARCH_PATHS = "$(PROJECT_DIR)/../Carthage/Build/Mac/";
				FRAMEWORK_VERSION = A;
				INFOPLIST_FILE = XMPPMessageHub/Info.plist;
				INSTALL_PATH = "$(LOCAL_LIBRARY_DIR)/Frameworks";
				LD_RUNPATH_SEARCH_PATHS = "$(inherited) @executable_path/../Frameworks @loader_path/Frameworks";
				MACOSX_DEPLOYMENT_TARGET = 10.12;
				PRODUCT_BUNDLE_IDENTIFIER = org.intercambio.XMPPMessageHub;
				PRODUCT_NAME = XMPPMessageHub;
				SDKROOT = macosx;
				SKIP_INSTALL = YES;
				SWIFT_OPTIMIZATION_LEVEL = "-Onone";
				SWIFT_VERSION = 3.0;
			};
			name = Debug;
		};
		F673D2051DE1C02D009B3C99 /* Release */ = {
			isa = XCBuildConfiguration;
			buildSettings = {
				CLANG_ENABLE_MODULES = YES;
				CODE_SIGN_IDENTITY = "-";
				COMBINE_HIDPI_IMAGES = YES;
				DEFINES_MODULE = YES;
				DEVELOPMENT_TEAM = EJW69VRSSH;
				DYLIB_COMPATIBILITY_VERSION = 1;
				DYLIB_CURRENT_VERSION = 1;
				DYLIB_INSTALL_NAME_BASE = "@rpath";
				FRAMEWORK_SEARCH_PATHS = "$(PROJECT_DIR)/../Carthage/Build/Mac/";
				FRAMEWORK_VERSION = A;
				INFOPLIST_FILE = XMPPMessageHub/Info.plist;
				INSTALL_PATH = "$(LOCAL_LIBRARY_DIR)/Frameworks";
				LD_RUNPATH_SEARCH_PATHS = "$(inherited) @executable_path/../Frameworks @loader_path/Frameworks";
				MACOSX_DEPLOYMENT_TARGET = 10.12;
				PRODUCT_BUNDLE_IDENTIFIER = org.intercambio.XMPPMessageHub;
				PRODUCT_NAME = XMPPMessageHub;
				SDKROOT = macosx;
				SKIP_INSTALL = YES;
				SWIFT_VERSION = 3.0;
			};
			name = Release;
		};
		F673D2071DE1C02D009B3C99 /* Debug */ = {
			isa = XCBuildConfiguration;
			buildSettings = {
				ALWAYS_EMBED_SWIFT_STANDARD_LIBRARIES = YES;
				CODE_SIGN_IDENTITY = "-";
				COMBINE_HIDPI_IMAGES = YES;
				DEVELOPMENT_TEAM = EJW69VRSSH;
				FRAMEWORK_SEARCH_PATHS = "$(PROJECT_DIR)/../Carthage/Build/Mac/";
				INFOPLIST_FILE = XMPPMessageHubTests/Info.plist;
				LD_RUNPATH_SEARCH_PATHS = "$(inherited) @executable_path/../Frameworks @loader_path/../Frameworks";
				MACOSX_DEPLOYMENT_TARGET = 10.12;
				PRODUCT_BUNDLE_IDENTIFIER = org.intercambio.XMPPMessageHubTests;
				PRODUCT_NAME = XMPPMessageHubTests;
				SDKROOT = macosx;
				SWIFT_VERSION = 3.0;
			};
			name = Debug;
		};
		F673D2081DE1C02D009B3C99 /* Release */ = {
			isa = XCBuildConfiguration;
			buildSettings = {
				ALWAYS_EMBED_SWIFT_STANDARD_LIBRARIES = YES;
				CODE_SIGN_IDENTITY = "-";
				COMBINE_HIDPI_IMAGES = YES;
				DEVELOPMENT_TEAM = EJW69VRSSH;
				FRAMEWORK_SEARCH_PATHS = "$(PROJECT_DIR)/../Carthage/Build/Mac/";
				INFOPLIST_FILE = XMPPMessageHubTests/Info.plist;
				LD_RUNPATH_SEARCH_PATHS = "$(inherited) @executable_path/../Frameworks @loader_path/../Frameworks";
				MACOSX_DEPLOYMENT_TARGET = 10.12;
				PRODUCT_BUNDLE_IDENTIFIER = org.intercambio.XMPPMessageHubTests;
				PRODUCT_NAME = XMPPMessageHubTests;
				SDKROOT = macosx;
				SWIFT_VERSION = 3.0;
			};
			name = Release;
		};
/* End XCBuildConfiguration section */

/* Begin XCConfigurationList section */
		F673D1CD1DE1BB55009B3C99 /* Build configuration list for PBXProject "XMPPMessageHub" */ = {
			isa = XCConfigurationList;
			buildConfigurations = (
				F673D1E51DE1BB55009B3C99 /* Debug */,
				F673D1E61DE1BB55009B3C99 /* Release */,
			);
			defaultConfigurationIsVisible = 0;
			defaultConfigurationName = Release;
		};
		F673D1E71DE1BB55009B3C99 /* Build configuration list for PBXNativeTarget "iOS" */ = {
			isa = XCConfigurationList;
			buildConfigurations = (
				F673D1E81DE1BB55009B3C99 /* Debug */,
				F673D1E91DE1BB55009B3C99 /* Release */,
			);
			defaultConfigurationIsVisible = 0;
			defaultConfigurationName = Release;
		};
		F673D1EA1DE1BB55009B3C99 /* Build configuration list for PBXNativeTarget "iOSTests" */ = {
			isa = XCConfigurationList;
			buildConfigurations = (
				F673D1EB1DE1BB55009B3C99 /* Debug */,
				F673D1EC1DE1BB55009B3C99 /* Release */,
			);
			defaultConfigurationIsVisible = 0;
			defaultConfigurationName = Release;
		};
		F673D2031DE1C02D009B3C99 /* Build configuration list for PBXNativeTarget "macOS" */ = {
			isa = XCConfigurationList;
			buildConfigurations = (
				F673D2041DE1C02D009B3C99 /* Debug */,
				F673D2051DE1C02D009B3C99 /* Release */,
			);
			defaultConfigurationIsVisible = 0;
			defaultConfigurationName = Release;
		};
		F673D2061DE1C02D009B3C99 /* Build configuration list for PBXNativeTarget "macOSTests" */ = {
			isa = XCConfigurationList;
			buildConfigurations = (
				F673D2071DE1C02D009B3C99 /* Debug */,
				F673D2081DE1C02D009B3C99 /* Release */,
			);
			defaultConfigurationIsVisible = 0;
			defaultConfigurationName = Release;
		};
/* End XCConfigurationList section */
	};
	rootObject = F673D1CA1DE1BB55009B3C99 /* Project object */;
}
